# This file was autogenerated by Stack.
# You should not edit this file by hand.
# For more information, please see the documentation at:
#   https://docs.haskellstack.org/en/stable/topics/lock_files

packages:
- completed:
    hackage: regex-pcre-0.95.0.1@sha256:3709b4d27411a96ffc765dfa6c989088181eb4616a7e704e833d415d0709e58a,2276
    pantry-tree:
      sha256: 6e53cb1847057c63d98ee430ce6b622ed69715837186c0f3c2fc2559f8c6610d
      size: 636
  original:
    hackage: regex-pcre-0.95.0.1@sha256:3709b4d27411a96ffc765dfa6c989088181eb4616a7e704e833d415d0709e58a,2276
- completed:
    hackage: regex-base-0.94.0.3@sha256:d6c0c6d1136f5046207a331114ff4130e70640452096de7719bf03e3fceb7c7b,2391
    pantry-tree:
      sha256: abc994abb47c2e060b4f1b370ee163ecd96409a5131a1eee0178af03cc72cad5
      size: 532
  original:
    hackage: regex-base-0.94.0.3@sha256:d6c0c6d1136f5046207a331114ff4130e70640452096de7719bf03e3fceb7c7b,2391
snapshots: []
